
Microsoft Visual Studio Solution File, Format Version 12.00
# Visual Studio 16
Project("{FAE04EC0-301F-11D3-BF4B-00C04F79EFBC}") = "Assembly-CSharp", "Assembly-CSharp.csproj", "{C3CF803F-1844-C619-0F89-DB743EA8B649}"
EndProject
Project("{FAE04EC0-301F-11D3-BF4B-00C04F79EFBC}") = "Assembly-CSharp-Editor", "Assembly-CSharp-Editor.csproj", "{3A825395-1CF7-27F0-49D8-3937829BE0FC}"
EndProject
Global
	GlobalSection(SolutionConfigurationPlatforms) = preSolution
		Debug|Any CPU = Debug|Any CPU
		Release|Any CPU = Release|Any CPU
	EndGlobalSection
	GlobalSection(ProjectConfigurationPlatforms) = postSolution
		{C3CF803F-1844-C619-0F89-DB743EA8B649}.Debug|Any CPU.ActiveCfg = Debug|Any CPU
		{C3CF803F-1844-C619-0F89-DB743EA8B649}.Debug|Any CPU.Build.0 = Debug|Any CPU
		{C3CF803F-1844-C619-0F89-DB743EA8B649}.Release|Any CPU.ActiveCfg = Release|Any CPU
		{C3CF803F-1844-C619-0F89-DB743EA8B649}.Release|Any CPU.Build.0 = Release|Any CPU
		{3A825395-1CF7-27F0-49D8-3937829BE0FC}.Debug|Any CPU.ActiveCfg = Debug|Any CPU
		{3A825395-1CF7-27F0-49D8-3937829BE0FC}.Debug|Any CPU.Build.0 = Debug|Any CPU
		{3A825395-1CF7-27F0-49D8-3937829BE0FC}.Release|Any CPU.ActiveCfg = Release|Any CPU
		{3A825395-1CF7-27F0-49D8-3937829BE0FC}.Release|Any CPU.Build.0 = Release|Any CPU
	EndGlobalSection
	GlobalSection(SolutionProperties) = preSolution
		HideSolutionNode = FALSE
	EndGlobalSection
	GlobalSection(MonoDevelopProperties) = preSolution
		StartupItem = Assembly-CSharp.csproj
	EndGlobalSection
EndGlobal
